// !$*UTF8*$!
{
	archiveVersion = 1;
	classes = {
	};
	objectVersion = 48;
	objects = {

/* Begin PBXBuildFile section */
		10BFE064C068F0D602B3D737 /* libPods-mas-tests.a in Frameworks */ = {isa = PBXBuildFile; fileRef = E699853CA22F704500D0F018 /* libPods-mas-tests.a */; };
		4762DDE207E8A2231553B32D /* libPods-mas.a in Frameworks */ = {isa = PBXBuildFile; fileRef = 29090AA87DC29A23FA933D23 /* libPods-mas.a */; };
		4913269B1F48921D0010EB86 /* CKSoftwareMap+AppLookup.swift in Sources */ = {isa = PBXBuildFile; fileRef = 4913269A1F48921D0010EB86 /* CKSoftwareMap+AppLookup.swift */; };
		693A98991CBFFA760004D3B4 /* Search.swift in Sources */ = {isa = PBXBuildFile; fileRef = 693A98981CBFFA760004D3B4 /* Search.swift */; };
		693A989B1CBFFAAA0004D3B4 /* NSURLSession+Synchronous.swift in Sources */ = {isa = PBXBuildFile; fileRef = 693A989A1CBFFAAA0004D3B4 /* NSURLSession+Synchronous.swift */; };
		8078FAA81EC4F2FB004B5B3F /* Lucky.swift in Sources */ = {isa = PBXBuildFile; fileRef = 8078FAA71EC4F2FB004B5B3F /* Lucky.swift */; };
		900A1E811DBAC8CB0069B1A8 /* Info.swift in Sources */ = {isa = PBXBuildFile; fileRef = 900A1E801DBAC8CB0069B1A8 /* Info.swift */; };
		ED031A7C1B5127C00097692E /* main.swift in Sources */ = {isa = PBXBuildFile; fileRef = ED031A7B1B5127C00097692E /* main.swift */; };
		ED0F237F1B87522400AE40CD /* Install.swift in Sources */ = {isa = PBXBuildFile; fileRef = ED0F237E1B87522400AE40CD /* Install.swift */; };
		ED0F23831B87533A00AE40CD /* List.swift in Sources */ = {isa = PBXBuildFile; fileRef = ED0F23821B87533A00AE40CD /* List.swift */; };
		ED0F23851B87536A00AE40CD /* Outdated.swift in Sources */ = {isa = PBXBuildFile; fileRef = ED0F23841B87536A00AE40CD /* Outdated.swift */; };
		ED0F23871B87537200AE40CD /* Account.swift in Sources */ = {isa = PBXBuildFile; fileRef = ED0F23861B87537200AE40CD /* Account.swift */; };
		ED0F23891B87543D00AE40CD /* PurchaseDownloadObserver.swift in Sources */ = {isa = PBXBuildFile; fileRef = ED0F23881B87543D00AE40CD /* PurchaseDownloadObserver.swift */; };
		ED0F238B1B87569C00AE40CD /* Downloader.swift in Sources */ = {isa = PBXBuildFile; fileRef = ED0F238A1B87569C00AE40CD /* Downloader.swift */; };
		ED0F238D1B8756E600AE40CD /* MASError.swift in Sources */ = {isa = PBXBuildFile; fileRef = ED0F238C1B8756E600AE40CD /* MASError.swift */; };
		ED0F23901B87A56F00AE40CD /* ISStoreAccount.swift in Sources */ = {isa = PBXBuildFile; fileRef = ED0F238F1B87A56F00AE40CD /* ISStoreAccount.swift */; };
		EDA3BE521B8B84AF00C18D70 /* SSPurchase.swift in Sources */ = {isa = PBXBuildFile; fileRef = EDA3BE511B8B84AF00C18D70 /* SSPurchase.swift */; };
		EDB6CE8C1BAEC3D400648B4D /* Version.swift in Sources */ = {isa = PBXBuildFile; fileRef = EDB6CE8B1BAEC3D400648B4D /* Version.swift */; };
		EDC90B651C70045E0019E396 /* SignIn.swift in Sources */ = {isa = PBXBuildFile; fileRef = EDC90B641C70045E0019E396 /* SignIn.swift */; };
		EDCBF9531D89AC6F000039C6 /* Reset.swift in Sources */ = {isa = PBXBuildFile; fileRef = EDCBF9521D89AC6F000039C6 /* Reset.swift */; };
		EDCBF9551D89CFC7000039C6 /* Utilities.swift in Sources */ = {isa = PBXBuildFile; fileRef = EDCBF9541D89CFC7000039C6 /* Utilities.swift */; };
		EDD3B3631C34709400B56B88 /* Upgrade.swift in Sources */ = {isa = PBXBuildFile; fileRef = EDD3B3621C34709400B56B88 /* Upgrade.swift */; };
		EDE296531C700F4300554778 /* SignOut.swift in Sources */ = {isa = PBXBuildFile; fileRef = EDE296521C700F4300554778 /* SignOut.swift */; };
		EDEAA0C01B51CE6200F2FC3F /* StoreFoundation.framework in Frameworks */ = {isa = PBXBuildFile; fileRef = EDEAA0BF1B51CE6200F2FC3F /* StoreFoundation.framework */; };
		EDEAA17D1B5C579100F2FC3F /* CommerceKit.framework in Frameworks */ = {isa = PBXBuildFile; fileRef = EDEAA17C1B5C579100F2FC3F /* CommerceKit.framework */; };
		F865880B2030F6DE0093DE57 /* MASErrorTestCase.swift in Sources */ = {isa = PBXBuildFile; fileRef = F865880A2030F6DE0093DE57 /* MASErrorTestCase.swift */; };
		F86588272030FAE70093DE57 /* MASError.swift in Sources */ = {isa = PBXBuildFile; fileRef = ED0F238C1B8756E600AE40CD /* MASError.swift */; };
/* End PBXBuildFile section */

/* Begin PBXContainerItemProxy section */
		F86588252030F8DA0093DE57 /* PBXContainerItemProxy */ = {
			isa = PBXContainerItemProxy;
			containerPortal = ED031A701B5127C00097692E /* Project object */;
			proxyType = 1;
			remoteGlobalIDString = ED031A771B5127C00097692E;
			remoteInfo = mas;
		};
/* End PBXContainerItemProxy section */

/* Begin PBXCopyFilesBuildPhase section */
		ED031A761B5127C00097692E /* CopyFiles */ = {
			isa = PBXCopyFilesBuildPhase;
			buildActionMask = 2147483647;
			dstPath = /usr/share/man/man1/;
			dstSubfolderSpec = 0;
			files = (
			);
			runOnlyForDeploymentPostprocessing = 1;
		};
/* End PBXCopyFilesBuildPhase section */

/* Begin PBXFileReference section */
		09C9EDFF416F0BDAC1E7F77A /* Pods-mas.debug.xcconfig */ = {isa = PBXFileReference; includeInIndex = 1; lastKnownFileType = text.xcconfig; name = "Pods-mas.debug.xcconfig"; path = "Pods/Target Support Files/Pods-mas/Pods-mas.debug.xcconfig"; sourceTree = "<group>"; };
		21AF31A18424A9AC0333ECB1 /* Pods-mas.release.xcconfig */ = {isa = PBXFileReference; includeInIndex = 1; lastKnownFileType = text.xcconfig; name = "Pods-mas.release.xcconfig"; path = "Pods/Target Support Files/Pods-mas/Pods-mas.release.xcconfig"; sourceTree = "<group>"; };
		29090AA87DC29A23FA933D23 /* libPods-mas.a */ = {isa = PBXFileReference; explicitFileType = archive.ar; includeInIndex = 0; path = "libPods-mas.a"; sourceTree = BUILT_PRODUCTS_DIR; };
		4913269A1F48921D0010EB86 /* CKSoftwareMap+AppLookup.swift */ = {isa = PBXFileReference; fileEncoding = 4; lastKnownFileType = sourcecode.swift; path = "CKSoftwareMap+AppLookup.swift"; sourceTree = "<group>"; };
		5A69175AC7646DE30D1F20C9 /* Pods-mas-tests.release.xcconfig */ = {isa = PBXFileReference; includeInIndex = 1; lastKnownFileType = text.xcconfig; name = "Pods-mas-tests.release.xcconfig"; path = "Pods/Target Support Files/Pods-mas-tests/Pods-mas-tests.release.xcconfig"; sourceTree = "<group>"; };
		693A98981CBFFA760004D3B4 /* Search.swift */ = {isa = PBXFileReference; fileEncoding = 4; lastKnownFileType = sourcecode.swift; path = Search.swift; sourceTree = "<group>"; };
		693A989A1CBFFAAA0004D3B4 /* NSURLSession+Synchronous.swift */ = {isa = PBXFileReference; fileEncoding = 4; lastKnownFileType = sourcecode.swift; path = "NSURLSession+Synchronous.swift"; sourceTree = "<group>"; };
		8078FAA71EC4F2FB004B5B3F /* Lucky.swift */ = {isa = PBXFileReference; fileEncoding = 4; lastKnownFileType = sourcecode.swift; path = Lucky.swift; sourceTree = "<group>"; };
		900A1E801DBAC8CB0069B1A8 /* Info.swift */ = {isa = PBXFileReference; fileEncoding = 4; lastKnownFileType = sourcecode.swift; path = Info.swift; sourceTree = "<group>"; };
		E699853CA22F704500D0F018 /* libPods-mas-tests.a */ = {isa = PBXFileReference; explicitFileType = archive.ar; includeInIndex = 0; path = "libPods-mas-tests.a"; sourceTree = BUILT_PRODUCTS_DIR; };
		ED031A781B5127C00097692E /* mas */ = {isa = PBXFileReference; explicitFileType = "compiled.mach-o.executable"; includeInIndex = 0; path = mas; sourceTree = BUILT_PRODUCTS_DIR; };
		ED031A7B1B5127C00097692E /* main.swift */ = {isa = PBXFileReference; lastKnownFileType = sourcecode.swift; path = main.swift; sourceTree = "<group>"; };
		ED0F237E1B87522400AE40CD /* Install.swift */ = {isa = PBXFileReference; fileEncoding = 4; lastKnownFileType = sourcecode.swift; path = Install.swift; sourceTree = "<group>"; };
		ED0F23821B87533A00AE40CD /* List.swift */ = {isa = PBXFileReference; fileEncoding = 4; lastKnownFileType = sourcecode.swift; path = List.swift; sourceTree = "<group>"; };
		ED0F23841B87536A00AE40CD /* Outdated.swift */ = {isa = PBXFileReference; fileEncoding = 4; lastKnownFileType = sourcecode.swift; path = Outdated.swift; sourceTree = "<group>"; };
		ED0F23861B87537200AE40CD /* Account.swift */ = {isa = PBXFileReference; fileEncoding = 4; lastKnownFileType = sourcecode.swift; path = Account.swift; sourceTree = "<group>"; };
		ED0F23881B87543D00AE40CD /* PurchaseDownloadObserver.swift */ = {isa = PBXFileReference; fileEncoding = 4; lastKnownFileType = sourcecode.swift; path = PurchaseDownloadObserver.swift; sourceTree = "<group>"; };
		ED0F238A1B87569C00AE40CD /* Downloader.swift */ = {isa = PBXFileReference; fileEncoding = 4; lastKnownFileType = sourcecode.swift; path = Downloader.swift; sourceTree = "<group>"; };
		ED0F238C1B8756E600AE40CD /* MASError.swift */ = {isa = PBXFileReference; fileEncoding = 4; lastKnownFileType = sourcecode.swift; path = MASError.swift; sourceTree = "<group>"; };
		ED0F238F1B87A56F00AE40CD /* ISStoreAccount.swift */ = {isa = PBXFileReference; fileEncoding = 4; lastKnownFileType = sourcecode.swift; path = ISStoreAccount.swift; sourceTree = "<group>"; };
		ED1EF94D1BA6BBBF0075453C /* CKSoftwareProduct.h */ = {isa = PBXFileReference; fileEncoding = 4; lastKnownFileType = sourcecode.c.h; path = CKSoftwareProduct.h; sourceTree = "<group>"; };
		ED1EF94E1BA6BBBF0075453C /* CKUpdate.h */ = {isa = PBXFileReference; fileEncoding = 4; lastKnownFileType = sourcecode.c.h; path = CKUpdate.h; sourceTree = "<group>"; };
		ED1EF94F1BA6BBBF0075453C /* ISOperationDelegate-Protocol.h */ = {isa = PBXFileReference; fileEncoding = 4; lastKnownFileType = sourcecode.c.h; path = "ISOperationDelegate-Protocol.h"; sourceTree = "<group>"; };
		ED1EF9501BA6BBBF0075453C /* ISServiceProxy.h */ = {isa = PBXFileReference; fileEncoding = 4; lastKnownFileType = sourcecode.c.h; path = ISServiceProxy.h; sourceTree = "<group>"; };
		ED1EF9511BA6BBBF0075453C /* ISStoreAccount.h */ = {isa = PBXFileReference; fileEncoding = 4; lastKnownFileType = sourcecode.c.h; path = ISStoreAccount.h; sourceTree = "<group>"; };
		ED1EF9521BA6BBBF0075453C /* ISURLOperationDelegate-Protocol.h */ = {isa = PBXFileReference; fileEncoding = 4; lastKnownFileType = sourcecode.c.h; path = "ISURLOperationDelegate-Protocol.h"; sourceTree = "<group>"; };
		ED1EF9531BA6BBBF0075453C /* SSDownload.h */ = {isa = PBXFileReference; fileEncoding = 4; lastKnownFileType = sourcecode.c.h; path = SSDownload.h; sourceTree = "<group>"; };
		ED1EF9541BA6BBBF0075453C /* SSDownloadMetadata.h */ = {isa = PBXFileReference; fileEncoding = 4; lastKnownFileType = sourcecode.c.h; path = SSDownloadMetadata.h; sourceTree = "<group>"; };
		ED1EF9551BA6BBBF0075453C /* SSDownloadPhase.h */ = {isa = PBXFileReference; fileEncoding = 4; lastKnownFileType = sourcecode.c.h; path = SSDownloadPhase.h; sourceTree = "<group>"; };
		ED1EF9561BA6BBBF0075453C /* SSDownloadStatus.h */ = {isa = PBXFileReference; fileEncoding = 4; lastKnownFileType = sourcecode.c.h; path = SSDownloadStatus.h; sourceTree = "<group>"; };
		ED1EF9571BA6BBBF0075453C /* SSPurchase.h */ = {isa = PBXFileReference; fileEncoding = 4; lastKnownFileType = sourcecode.c.h; path = SSPurchase.h; sourceTree = "<group>"; };
		ED1EF9581BA6BBBF0075453C /* SSPurchaseResponse.h */ = {isa = PBXFileReference; fileEncoding = 4; lastKnownFileType = sourcecode.c.h; path = SSPurchaseResponse.h; sourceTree = "<group>"; };
		EDA3BE511B8B84AF00C18D70 /* SSPurchase.swift */ = {isa = PBXFileReference; fileEncoding = 4; lastKnownFileType = sourcecode.swift; path = SSPurchase.swift; sourceTree = "<group>"; };
		EDB6CE8A1BAEB95100648B4D /* mas-cli-Info.plist */ = {isa = PBXFileReference; fileEncoding = 4; lastKnownFileType = text.plist.xml; path = "mas-cli-Info.plist"; sourceTree = "<group>"; };
		EDB6CE8B1BAEC3D400648B4D /* Version.swift */ = {isa = PBXFileReference; fileEncoding = 4; lastKnownFileType = sourcecode.swift; path = Version.swift; sourceTree = "<group>"; };
		EDC90B621C6FF50B0019E396 /* ISAccountService-Protocol.h */ = {isa = PBXFileReference; fileEncoding = 4; lastKnownFileType = sourcecode.c.h; path = "ISAccountService-Protocol.h"; sourceTree = "<group>"; };
		EDC90B641C70045E0019E396 /* SignIn.swift */ = {isa = PBXFileReference; fileEncoding = 4; lastKnownFileType = sourcecode.swift; path = SignIn.swift; sourceTree = "<group>"; };
		EDCBF9521D89AC6F000039C6 /* Reset.swift */ = {isa = PBXFileReference; fileEncoding = 4; lastKnownFileType = sourcecode.swift; path = Reset.swift; sourceTree = "<group>"; };
		EDCBF9541D89CFC7000039C6 /* Utilities.swift */ = {isa = PBXFileReference; fileEncoding = 4; lastKnownFileType = sourcecode.swift; path = Utilities.swift; sourceTree = "<group>"; };
		EDD3B3621C34709400B56B88 /* Upgrade.swift */ = {isa = PBXFileReference; fileEncoding = 4; lastKnownFileType = sourcecode.swift; path = Upgrade.swift; sourceTree = "<group>"; };
		EDE2964F1C700B0300554778 /* ISAuthenticationContext.h */ = {isa = PBXFileReference; fileEncoding = 4; lastKnownFileType = sourcecode.c.h; path = ISAuthenticationContext.h; sourceTree = "<group>"; };
		EDE296501C700B0300554778 /* ISServiceRemoteObject-Protocol.h */ = {isa = PBXFileReference; fileEncoding = 4; lastKnownFileType = sourcecode.c.h; path = "ISServiceRemoteObject-Protocol.h"; sourceTree = "<group>"; };
		EDE296511C700B0300554778 /* ISStoreClient.h */ = {isa = PBXFileReference; fileEncoding = 4; lastKnownFileType = sourcecode.c.h; path = ISStoreClient.h; sourceTree = "<group>"; };
		EDE296521C700F4300554778 /* SignOut.swift */ = {isa = PBXFileReference; fileEncoding = 4; lastKnownFileType = sourcecode.swift; path = SignOut.swift; sourceTree = "<group>"; };
		EDEAA0BF1B51CE6200F2FC3F /* StoreFoundation.framework */ = {isa = PBXFileReference; lastKnownFileType = wrapper.framework; name = StoreFoundation.framework; path = /System/Library/PrivateFrameworks/StoreFoundation.framework; sourceTree = "<absolute>"; };
		EDEAA12C1B51CF8000F2FC3F /* mas-cli-Bridging-Header.h */ = {isa = PBXFileReference; lastKnownFileType = sourcecode.c.h; path = "mas-cli-Bridging-Header.h"; sourceTree = "<group>"; };
		EDEAA1311B5C576D00F2FC3F /* CKAccountStore.h */ = {isa = PBXFileReference; fileEncoding = 4; lastKnownFileType = sourcecode.c.h; path = CKAccountStore.h; sourceTree = "<group>"; };
		EDEAA1401B5C576D00F2FC3F /* CKDownloadQueue.h */ = {isa = PBXFileReference; fileEncoding = 4; lastKnownFileType = sourcecode.c.h; path = CKDownloadQueue.h; sourceTree = "<group>"; };
		EDEAA14E1B5C576D00F2FC3F /* CKPurchaseController.h */ = {isa = PBXFileReference; fileEncoding = 4; lastKnownFileType = sourcecode.c.h; path = CKPurchaseController.h; sourceTree = "<group>"; };
		EDEAA1511B5C576D00F2FC3F /* CKServiceInterface.h */ = {isa = PBXFileReference; fileEncoding = 4; lastKnownFileType = sourcecode.c.h; path = CKServiceInterface.h; sourceTree = "<group>"; };
		EDEAA1521B5C576D00F2FC3F /* CKSoftwareMap.h */ = {isa = PBXFileReference; fileEncoding = 4; lastKnownFileType = sourcecode.c.h; path = CKSoftwareMap.h; sourceTree = "<group>"; };
		EDEAA1551B5C576D00F2FC3F /* CKUpdateController.h */ = {isa = PBXFileReference; fileEncoding = 4; lastKnownFileType = sourcecode.c.h; path = CKUpdateController.h; sourceTree = "<group>"; };
		EDEAA17C1B5C579100F2FC3F /* CommerceKit.framework */ = {isa = PBXFileReference; lastKnownFileType = wrapper.framework; name = CommerceKit.framework; path = /System/Library/PrivateFrameworks/CommerceKit.framework; sourceTree = "<absolute>"; };
		F8233C87201EBDF000268278 /* mas-tests.xctest */ = {isa = PBXFileReference; explicitFileType = wrapper.cfbundle; includeInIndex = 0; path = "mas-tests.xctest"; sourceTree = BUILT_PRODUCTS_DIR; };
		F8233C8B201EBDF100268278 /* Info.plist */ = {isa = PBXFileReference; lastKnownFileType = text.plist.xml; path = Info.plist; sourceTree = "<group>"; };
		F865880A2030F6DE0093DE57 /* MASErrorTestCase.swift */ = {isa = PBXFileReference; lastKnownFileType = sourcecode.swift; path = MASErrorTestCase.swift; sourceTree = "<group>"; };
		F876BB4A20ED717800EB9FD1 /* Cocoa.framework */ = {isa = PBXFileReference; lastKnownFileType = wrapper.framework; name = Cocoa.framework; path = System/Library/Frameworks/Cocoa.framework; sourceTree = SDKROOT; };
		FC1AE3BA07E7DEC5CED36469 /* Pods-mas-tests.debug.xcconfig */ = {isa = PBXFileReference; includeInIndex = 1; lastKnownFileType = text.xcconfig; name = "Pods-mas-tests.debug.xcconfig"; path = "Pods/Target Support Files/Pods-mas-tests/Pods-mas-tests.debug.xcconfig"; sourceTree = "<group>"; };
		F86EBF2E2077214100C0976E /* ISStoreURLOperationDelegate-Protocol.h */ = {isa = PBXFileReference; fileEncoding = 4; lastKnownFileType = sourcecode.c.h; path = "ISStoreURLOperationDelegate-Protocol.h"; sourceTree = "<group>"; };
		F876300720438AF2003D370B /* ISAuthenticationResponse.h */ = {isa = PBXFileReference; lastKnownFileType = sourcecode.c.h; path = ISAuthenticationResponse.h; sourceTree = "<group>"; };
/* End PBXFileReference section */

/* Begin PBXFrameworksBuildPhase section */
		ED031A751B5127C00097692E /* Frameworks */ = {
			isa = PBXFrameworksBuildPhase;
			buildActionMask = 2147483647;
			files = (
				EDEAA17D1B5C579100F2FC3F /* CommerceKit.framework in Frameworks */,
				4762DDE207E8A2231553B32D /* libPods-mas.a in Frameworks */,
				EDEAA0C01B51CE6200F2FC3F /* StoreFoundation.framework in Frameworks */,
			);
			runOnlyForDeploymentPostprocessing = 0;
		};
		F8233C84201EBDF000268278 /* Frameworks */ = {
			isa = PBXFrameworksBuildPhase;
			buildActionMask = 2147483647;
			files = (
				10BFE064C068F0D602B3D737 /* libPods-mas-tests.a in Frameworks */,
			);
			runOnlyForDeploymentPostprocessing = 0;
		};
/* End PBXFrameworksBuildPhase section */

/* Begin PBXGroup section */
		10DC3EEDF21809022F0EBF72 /* Pods */ = {
			isa = PBXGroup;
			children = (
				FC1AE3BA07E7DEC5CED36469 /* Pods-mas-tests.debug.xcconfig */,
				5A69175AC7646DE30D1F20C9 /* Pods-mas-tests.release.xcconfig */,
				09C9EDFF416F0BDAC1E7F77A /* Pods-mas.debug.xcconfig */,
				21AF31A18424A9AC0333ECB1 /* Pods-mas.release.xcconfig */,
			);
			name = Pods;
			sourceTree = "<group>";
		};
		ED031A6F1B5127C00097692E = {
			isa = PBXGroup;
			children = (
				ED031A7A1B5127C00097692E /* App */,
				F8233C88201EBDF100268278 /* AppTests */,
				EDFC76381B642A2E00D0DBD7 /* Frameworks */,
				10DC3EEDF21809022F0EBF72 /* Pods */,
				EDEAA0C11B51CEBD00F2FC3F /* PrivateHeaders */,
				ED031A791B5127C00097692E /* Products */,
			);
			sourceTree = "<group>";
		};
		ED031A791B5127C00097692E /* Products */ = {
			isa = PBXGroup;
			children = (
				ED031A781B5127C00097692E /* mas */,
				F8233C87201EBDF000268278 /* mas-tests.xctest */,
			);
			name = Products;
			sourceTree = "<group>";
		};
		ED031A7A1B5127C00097692E /* App */ = {
			isa = PBXGroup;
			children = (
				ED0F238E1B87A54700AE40CD /* AppStore */,
				ED0F23801B87524700AE40CD /* Commands */,
				ED031A7B1B5127C00097692E /* main.swift */,
				EDEAA12C1B51CF8000F2FC3F /* mas-cli-Bridging-Header.h */,
				EDB6CE8A1BAEB95100648B4D /* mas-cli-Info.plist */,
				ED0F238C1B8756E600AE40CD /* MASError.swift */,
				693A989A1CBFFAAA0004D3B4 /* NSURLSession+Synchronous.swift */,
				EDCBF9541D89CFC7000039C6 /* Utilities.swift */,
			);
			path = App;
			sourceTree = "<group>";
		};
		ED0F23801B87524700AE40CD /* Commands */ = {
			isa = PBXGroup;
			children = (
				ED0F23861B87537200AE40CD /* Account.swift */,
				900A1E801DBAC8CB0069B1A8 /* Info.swift */,
				ED0F237E1B87522400AE40CD /* Install.swift */,
				ED0F23821B87533A00AE40CD /* List.swift */,
				8078FAA71EC4F2FB004B5B3F /* Lucky.swift */,
				ED0F23841B87536A00AE40CD /* Outdated.swift */,
				EDCBF9521D89AC6F000039C6 /* Reset.swift */,
				693A98981CBFFA760004D3B4 /* Search.swift */,
				EDC90B641C70045E0019E396 /* SignIn.swift */,
				EDE296521C700F4300554778 /* SignOut.swift */,
				EDD3B3621C34709400B56B88 /* Upgrade.swift */,
				EDB6CE8B1BAEC3D400648B4D /* Version.swift */,
			);
			name = Commands;
			path = App/Commands;
			sourceTree = SOURCE_ROOT;
		};
		ED0F238E1B87A54700AE40CD /* AppStore */ = {
			isa = PBXGroup;
			children = (
				4913269A1F48921D0010EB86 /* CKSoftwareMap+AppLookup.swift */,
				ED0F238A1B87569C00AE40CD /* Downloader.swift */,
				ED0F238F1B87A56F00AE40CD /* ISStoreAccount.swift */,
				ED0F23881B87543D00AE40CD /* PurchaseDownloadObserver.swift */,
				EDA3BE511B8B84AF00C18D70 /* SSPurchase.swift */,
			);
			path = AppStore;
			sourceTree = "<group>";
		};
		EDEAA0C11B51CEBD00F2FC3F /* PrivateHeaders */ = {
			isa = PBXGroup;
			children = (
				EDEAA12E1B5C576D00F2FC3F /* CommerceKit */,
				EDEAA0C21B51CEC900F2FC3F /* StoreFoundation */,
			);
			name = PrivateHeaders;
			path = App/PrivateHeaders;
			sourceTree = "<group>";
		};
		EDEAA0C21B51CEC900F2FC3F /* StoreFoundation */ = {
			isa = PBXGroup;
			children = (
				ED1EF94D1BA6BBBF0075453C /* CKSoftwareProduct.h */,
				ED1EF94E1BA6BBBF0075453C /* CKUpdate.h */,
				EDC90B621C6FF50B0019E396 /* ISAccountService-Protocol.h */,
				EDE2964F1C700B0300554778 /* ISAuthenticationContext.h */,
				F876300720438AF2003D370B /* ISAuthenticationResponse.h */,
				ED1EF94F1BA6BBBF0075453C /* ISOperationDelegate-Protocol.h */,
				ED1EF9501BA6BBBF0075453C /* ISServiceProxy.h */,
				EDE296501C700B0300554778 /* ISServiceRemoteObject-Protocol.h */,
				ED1EF9511BA6BBBF0075453C /* ISStoreAccount.h */,
				EDE296511C700B0300554778 /* ISStoreClient.h */,
				ED1EF9521BA6BBBF0075453C /* ISURLOperationDelegate-Protocol.h */,
				ED1EF9531BA6BBBF0075453C /* SSDownload.h */,
				ED1EF9541BA6BBBF0075453C /* SSDownloadMetadata.h */,
				ED1EF9551BA6BBBF0075453C /* SSDownloadPhase.h */,
				ED1EF9561BA6BBBF0075453C /* SSDownloadStatus.h */,
				ED1EF9571BA6BBBF0075453C /* SSPurchase.h */,
				ED1EF9581BA6BBBF0075453C /* SSPurchaseResponse.h */,
			);
			path = StoreFoundation;
			sourceTree = "<group>";
		};
		EDEAA12E1B5C576D00F2FC3F /* CommerceKit */ = {
			isa = PBXGroup;
			children = (
				EDEAA1311B5C576D00F2FC3F /* CKAccountStore.h */,
				EDEAA1401B5C576D00F2FC3F /* CKDownloadQueue.h */,
				EDEAA14E1B5C576D00F2FC3F /* CKPurchaseController.h */,
				EDEAA1511B5C576D00F2FC3F /* CKServiceInterface.h */,
				EDEAA1521B5C576D00F2FC3F /* CKSoftwareMap.h */,
				EDEAA1551B5C576D00F2FC3F /* CKUpdateController.h */,
				F86EBF2E2077214100C0976E /* ISStoreURLOperationDelegate-Protocol.h */,
			);
			path = CommerceKit;
			sourceTree = "<group>";
		};
		EDFC76381B642A2E00D0DBD7 /* Frameworks */ = {
			isa = PBXGroup;
			children = (
				F876BB4A20ED717800EB9FD1 /* Cocoa.framework */,
				EDEAA17C1B5C579100F2FC3F /* CommerceKit.framework */,
				E699853CA22F704500D0F018 /* libPods-mas-tests.a */,
				29090AA87DC29A23FA933D23 /* libPods-mas.a */,
				EDEAA0BF1B51CE6200F2FC3F /* StoreFoundation.framework */,
			);
			name = Frameworks;
			sourceTree = "<group>";
		};
		F8233C88201EBDF100268278 /* AppTests */ = {
			isa = PBXGroup;
			children = (
				F8233C8B201EBDF100268278 /* Info.plist */,
				F865880A2030F6DE0093DE57 /* MASErrorTestCase.swift */,
			);
			path = AppTests;
			sourceTree = "<group>";
		};
/* End PBXGroup section */

/* Begin PBXNativeTarget section */
		ED031A771B5127C00097692E /* mas */ = {
			isa = PBXNativeTarget;
			buildConfigurationList = ED031A7F1B5127C00097692E /* Build configuration list for PBXNativeTarget "mas" */;
			buildPhases = (
				EDD0BBAFDDFD63A1A54E18A0 /* [CP] Check Pods Manifest.lock */,
				ED031A741B5127C00097692E /* Sources */,
				ED031A751B5127C00097692E /* Frameworks */,
				ED031A761B5127C00097692E /* CopyFiles */,
				E7460A391382D898934EFFBD /* Resources */,
			);
			buildRules = (
			);
			dependencies = (
			);
			name = mas;
			productName = "mas-cli";
			productReference = ED031A781B5127C00097692E /* mas */;
			productType = "com.apple.product-type.tool";
		};
		F8233C86201EBDF000268278 /* mas-tests */ = {
			isa = PBXNativeTarget;
			buildConfigurationList = F8233C8C201EBDF100268278 /* Build configuration list for PBXNativeTarget "mas-tests" */;
			buildPhases = (
				2761F515F3797D1393459BEC /* [CP] Check Pods Manifest.lock */,
				F8233C83201EBDF000268278 /* Sources */,
				F8233C84201EBDF000268278 /* Frameworks */,
				F8233C85201EBDF000268278 /* Resources */,
			);
			buildRules = (
			);
			dependencies = (
				F86588262030F8DA0093DE57 /* PBXTargetDependency */,
			);
			name = "mas-tests";
			productName = "mas-tests";
			productReference = F8233C87201EBDF000268278 /* mas-tests.xctest */;
			productType = "com.apple.product-type.bundle.unit-test";
		};
/* End PBXNativeTarget section */

/* Begin PBXProject section */
		ED031A701B5127C00097692E /* Project object */ = {
			isa = PBXProject;
			attributes = {
				LastSwiftMigration = 0730;
				LastSwiftUpdateCheck = 0920;
				LastUpgradeCheck = 0930;
				ORGANIZATIONNAME = "Andrew Naylor";
				TargetAttributes = {
					ED031A771B5127C00097692E = {
						CreatedOnToolsVersion = 7.0;
						LastSwiftMigration = 0920;
					};
					F8233C86201EBDF000268278 = {
						CreatedOnToolsVersion = 9.2;
						ProvisioningStyle = Automatic;
					};
				};
			};
			buildConfigurationList = ED031A731B5127C00097692E /* Build configuration list for PBXProject "mas-cli" */;
			compatibilityVersion = "Xcode 8.0";
			developmentRegion = English;
			hasScannedForEncodings = 0;
			knownRegions = (
				en,
			);
			mainGroup = ED031A6F1B5127C00097692E;
			productRefGroup = ED031A791B5127C00097692E /* Products */;
			projectDirPath = "";
			projectRoot = "";
			targets = (
				ED031A771B5127C00097692E /* mas */,
				F8233C86201EBDF000268278 /* mas-tests */,
			);
		};
/* End PBXProject section */

/* Begin PBXResourcesBuildPhase section */
		E7460A391382D898934EFFBD /* Resources */ = {
			isa = PBXResourcesBuildPhase;
			buildActionMask = 2147483647;
			files = (
			);
			runOnlyForDeploymentPostprocessing = 0;
		};
		F8233C85201EBDF000268278 /* Resources */ = {
			isa = PBXResourcesBuildPhase;
			buildActionMask = 2147483647;
			files = (
			);
			runOnlyForDeploymentPostprocessing = 0;
		};
/* End PBXResourcesBuildPhase section */

/* Begin PBXShellScriptBuildPhase section */
		2761F515F3797D1393459BEC /* [CP] Check Pods Manifest.lock */ = {
			isa = PBXShellScriptBuildPhase;
			buildActionMask = 2147483647;
			files = (
			);
			inputPaths = (
				"${PODS_PODFILE_DIR_PATH}/Podfile.lock",
				"${PODS_ROOT}/Manifest.lock",
			);
			name = "[CP] Check Pods Manifest.lock";
			outputPaths = (
				"$(DERIVED_FILE_DIR)/Pods-mas-tests-checkManifestLockResult.txt",
			);
			runOnlyForDeploymentPostprocessing = 0;
			shellPath = /bin/sh;
			shellScript = "diff \"${PODS_PODFILE_DIR_PATH}/Podfile.lock\" \"${PODS_ROOT}/Manifest.lock\" > /dev/null\nif [ $? != 0 ] ; then\n    # print error to STDERR\n    echo \"error: The sandbox is not in sync with the Podfile.lock. Run 'pod install' or update your CocoaPods installation.\" >&2\n    exit 1\nfi\n# This output is used by Xcode 'outputs' to avoid re-running this script phase.\necho \"SUCCESS\" > \"${SCRIPT_OUTPUT_FILE_0}\"\n";
			showEnvVarsInLog = 0;
		};
		EDD0BBAFDDFD63A1A54E18A0 /* [CP] Check Pods Manifest.lock */ = {
			isa = PBXShellScriptBuildPhase;
			buildActionMask = 2147483647;
			files = (
			);
			inputPaths = (
				"${PODS_PODFILE_DIR_PATH}/Podfile.lock",
				"${PODS_ROOT}/Manifest.lock",
			);
			name = "[CP] Check Pods Manifest.lock";
			outputPaths = (
				"$(DERIVED_FILE_DIR)/Pods-mas-checkManifestLockResult.txt",
			);
			runOnlyForDeploymentPostprocessing = 0;
			shellPath = /bin/sh;
			shellScript = "diff \"${PODS_PODFILE_DIR_PATH}/Podfile.lock\" \"${PODS_ROOT}/Manifest.lock\" > /dev/null\nif [ $? != 0 ] ; then\n    # print error to STDERR\n    echo \"error: The sandbox is not in sync with the Podfile.lock. Run 'pod install' or update your CocoaPods installation.\" >&2\n    exit 1\nfi\n# This output is used by Xcode 'outputs' to avoid re-running this script phase.\necho \"SUCCESS\" > \"${SCRIPT_OUTPUT_FILE_0}\"\n";
			showEnvVarsInLog = 0;
		};
/* End PBXShellScriptBuildPhase section */

/* Begin PBXSourcesBuildPhase section */
		ED031A741B5127C00097692E /* Sources */ = {
			isa = PBXSourcesBuildPhase;
			buildActionMask = 2147483647;
			files = (
				ED0F23871B87537200AE40CD /* Account.swift in Sources */,
				4913269B1F48921D0010EB86 /* CKSoftwareMap+AppLookup.swift in Sources */,
				ED0F238B1B87569C00AE40CD /* Downloader.swift in Sources */,
				900A1E811DBAC8CB0069B1A8 /* Info.swift in Sources */,
				ED0F237F1B87522400AE40CD /* Install.swift in Sources */,
				ED0F23901B87A56F00AE40CD /* ISStoreAccount.swift in Sources */,
				ED0F23831B87533A00AE40CD /* List.swift in Sources */,
				8078FAA81EC4F2FB004B5B3F /* Lucky.swift in Sources */,
				ED031A7C1B5127C00097692E /* main.swift in Sources */,
				ED0F238D1B8756E600AE40CD /* MASError.swift in Sources */,
				693A989B1CBFFAAA0004D3B4 /* NSURLSession+Synchronous.swift in Sources */,
				ED0F23851B87536A00AE40CD /* Outdated.swift in Sources */,
				ED0F23891B87543D00AE40CD /* PurchaseDownloadObserver.swift in Sources */,
				EDCBF9531D89AC6F000039C6 /* Reset.swift in Sources */,
				693A98991CBFFA760004D3B4 /* Search.swift in Sources */,
				EDC90B651C70045E0019E396 /* SignIn.swift in Sources */,
				EDE296531C700F4300554778 /* SignOut.swift in Sources */,
				EDA3BE521B8B84AF00C18D70 /* SSPurchase.swift in Sources */,
				EDD3B3631C34709400B56B88 /* Upgrade.swift in Sources */,
				EDCBF9551D89CFC7000039C6 /* Utilities.swift in Sources */,
				EDB6CE8C1BAEC3D400648B4D /* Version.swift in Sources */,
			);
			runOnlyForDeploymentPostprocessing = 0;
		};
		F8233C83201EBDF000268278 /* Sources */ = {
			isa = PBXSourcesBuildPhase;
			buildActionMask = 2147483647;
			files = (
				F86588272030FAE70093DE57 /* MASError.swift in Sources */,
				F865880B2030F6DE0093DE57 /* MASErrorTestCase.swift in Sources */,
			);
			runOnlyForDeploymentPostprocessing = 0;
		};
/* End PBXSourcesBuildPhase section */

/* Begin PBXTargetDependency section */
		F86588262030F8DA0093DE57 /* PBXTargetDependency */ = {
			isa = PBXTargetDependency;
			target = ED031A771B5127C00097692E /* mas */;
			targetProxy = F86588252030F8DA0093DE57 /* PBXContainerItemProxy */;
		};
/* End PBXTargetDependency section */

/* Begin XCBuildConfiguration section */
		ED031A7D1B5127C00097692E /* Debug */ = {
			isa = XCBuildConfiguration;
			buildSettings = {
				ALWAYS_SEARCH_USER_PATHS = NO;
				CLANG_CXX_LANGUAGE_STANDARD = "gnu++0x";
				CLANG_CXX_LIBRARY = "libc++";
				CLANG_ENABLE_MODULES = YES;
				CLANG_ENABLE_OBJC_ARC = YES;
				CLANG_WARN_BLOCK_CAPTURE_AUTORELEASING = YES;
				CLANG_WARN_BOOL_CONVERSION = YES;
				CLANG_WARN_COMMA = YES;
				CLANG_WARN_CONSTANT_CONVERSION = YES;
				CLANG_WARN_DEPRECATED_OBJC_IMPLEMENTATIONS = YES;
				CLANG_WARN_DIRECT_OBJC_ISA_USAGE = YES_ERROR;
				CLANG_WARN_EMPTY_BODY = YES;
				CLANG_WARN_ENUM_CONVERSION = YES;
				CLANG_WARN_INFINITE_RECURSION = YES;
				CLANG_WARN_INT_CONVERSION = YES;
				CLANG_WARN_NON_LITERAL_NULL_CONVERSION = YES;
				CLANG_WARN_OBJC_IMPLICIT_RETAIN_SELF = YES;
				CLANG_WARN_OBJC_LITERAL_CONVERSION = YES;
				CLANG_WARN_OBJC_ROOT_CLASS = YES_ERROR;
				CLANG_WARN_RANGE_LOOP_ANALYSIS = YES;
				CLANG_WARN_STRICT_PROTOTYPES = YES;
				CLANG_WARN_SUSPICIOUS_MOVE = YES;
				CLANG_WARN_UNREACHABLE_CODE = YES;
				CLANG_WARN__DUPLICATE_METHOD_MATCH = YES;
				CREATE_INFOPLIST_SECTION_IN_BINARY = YES;
				CURRENT_PROJECT_VERSION = 10402000;
				DEBUG_INFORMATION_FORMAT = dwarf;
				ENABLE_STRICT_OBJC_MSGSEND = YES;
				ENABLE_TESTABILITY = YES;
				FRAMEWORK_SEARCH_PATHS = (
					"$(inherited)",
					"$(SYSTEM_LIBRARY_DIR)/PrivateFrameworks",
				);
				GCC_C_LANGUAGE_STANDARD = gnu99;
				GCC_DYNAMIC_NO_PIC = NO;
				GCC_NO_COMMON_BLOCKS = YES;
				GCC_OPTIMIZATION_LEVEL = 0;
				GCC_PREPROCESSOR_DEFINITIONS = (
					"DEBUG=1",
					"$(inherited)",
				);
				GCC_WARN_64_TO_32_BIT_CONVERSION = YES;
				GCC_WARN_ABOUT_RETURN_TYPE = YES_ERROR;
				GCC_WARN_UNDECLARED_SELECTOR = YES;
				GCC_WARN_UNINITIALIZED_AUTOS = YES_AGGRESSIVE;
				GCC_WARN_UNUSED_FUNCTION = YES;
				GCC_WARN_UNUSED_VARIABLE = YES;
				HEADER_SEARCH_PATHS = (
					"$(inherited)",
					"$(SRCROOT)/App/PrivateHeaders",
				);
				INFOPLIST_FILE = "App/mas-cli-Info.plist";
				MACOSX_DEPLOYMENT_TARGET = 10.9;
				MTL_ENABLE_DEBUG_INFO = YES;
				ONLY_ACTIVE_ARCH = YES;
				PRODUCT_BUNDLE_IDENTIFIER = "com.mphys.mas-cli";
				SDKROOT = macosx;
				SWIFT_OPTIMIZATION_LEVEL = "-Onone";
				SWIFT_VERSION = 4.0;
				VERSIONING_SYSTEM = "apple-generic";
			};
			name = Debug;
		};
		ED031A7E1B5127C00097692E /* Release */ = {
			isa = XCBuildConfiguration;
			buildSettings = {
				ALWAYS_SEARCH_USER_PATHS = NO;
				CLANG_CXX_LANGUAGE_STANDARD = "gnu++0x";
				CLANG_CXX_LIBRARY = "libc++";
				CLANG_ENABLE_MODULES = YES;
				CLANG_ENABLE_OBJC_ARC = YES;
				CLANG_WARN_BLOCK_CAPTURE_AUTORELEASING = YES;
				CLANG_WARN_BOOL_CONVERSION = YES;
				CLANG_WARN_COMMA = YES;
				CLANG_WARN_CONSTANT_CONVERSION = YES;
				CLANG_WARN_DEPRECATED_OBJC_IMPLEMENTATIONS = YES;
				CLANG_WARN_DIRECT_OBJC_ISA_USAGE = YES_ERROR;
				CLANG_WARN_EMPTY_BODY = YES;
				CLANG_WARN_ENUM_CONVERSION = YES;
				CLANG_WARN_INFINITE_RECURSION = YES;
				CLANG_WARN_INT_CONVERSION = YES;
				CLANG_WARN_NON_LITERAL_NULL_CONVERSION = YES;
				CLANG_WARN_OBJC_IMPLICIT_RETAIN_SELF = YES;
				CLANG_WARN_OBJC_LITERAL_CONVERSION = YES;
				CLANG_WARN_OBJC_ROOT_CLASS = YES_ERROR;
				CLANG_WARN_RANGE_LOOP_ANALYSIS = YES;
				CLANG_WARN_STRICT_PROTOTYPES = YES;
				CLANG_WARN_SUSPICIOUS_MOVE = YES;
				CLANG_WARN_UNREACHABLE_CODE = YES;
				CLANG_WARN__DUPLICATE_METHOD_MATCH = YES;
				CREATE_INFOPLIST_SECTION_IN_BINARY = YES;
				CURRENT_PROJECT_VERSION = 10402000;
				DEBUG_INFORMATION_FORMAT = "dwarf-with-dsym";
				ENABLE_NS_ASSERTIONS = NO;
				ENABLE_STRICT_OBJC_MSGSEND = YES;
				FRAMEWORK_SEARCH_PATHS = (
					"$(inherited)",
					"$(SYSTEM_LIBRARY_DIR)/PrivateFrameworks",
				);
				GCC_C_LANGUAGE_STANDARD = gnu99;
				GCC_NO_COMMON_BLOCKS = YES;
				GCC_WARN_64_TO_32_BIT_CONVERSION = YES;
				GCC_WARN_ABOUT_RETURN_TYPE = YES_ERROR;
				GCC_WARN_UNDECLARED_SELECTOR = YES;
				GCC_WARN_UNINITIALIZED_AUTOS = YES_AGGRESSIVE;
				GCC_WARN_UNUSED_FUNCTION = YES;
				GCC_WARN_UNUSED_VARIABLE = YES;
				HEADER_SEARCH_PATHS = (
					"$(inherited)",
					"$(SRCROOT)/App/PrivateHeaders",
				);
				INFOPLIST_FILE = "App/mas-cli-Info.plist";
				MACOSX_DEPLOYMENT_TARGET = 10.9;
				MTL_ENABLE_DEBUG_INFO = NO;
				PRODUCT_BUNDLE_IDENTIFIER = "com.mphys.mas-cli";
				SDKROOT = macosx;
				SWIFT_VERSION = 4.0;
				VERSIONING_SYSTEM = "apple-generic";
			};
			name = Release;
		};
		ED031A801B5127C00097692E /* Debug */ = {
			isa = XCBuildConfiguration;
			baseConfigurationReference = 09C9EDFF416F0BDAC1E7F77A /* Pods-mas.debug.xcconfig */;
			buildSettings = {
				ALWAYS_EMBED_SWIFT_STANDARD_LIBRARIES = NO;
				PRODUCT_BUNDLE_IDENTIFIER = "com.mphys.mas-cli";
				PRODUCT_NAME = "$(TARGET_NAME)";
				SWIFT_OBJC_BRIDGING_HEADER = "App/mas-cli-Bridging-Header.h";
			};
			name = Debug;
		};
		ED031A811B5127C00097692E /* Release */ = {
			isa = XCBuildConfiguration;
			baseConfigurationReference = 21AF31A18424A9AC0333ECB1 /* Pods-mas.release.xcconfig */;
			buildSettings = {
				ALWAYS_EMBED_SWIFT_STANDARD_LIBRARIES = NO;
				DEPLOYMENT_LOCATION = YES;
				DSTROOT = "$(SRCROOT)";
				INSTALL_PATH = /build;
				PRODUCT_BUNDLE_IDENTIFIER = "com.mphys.mas-cli";
				PRODUCT_NAME = "$(TARGET_NAME)";
				SWIFT_OBJC_BRIDGING_HEADER = "App/mas-cli-Bridging-Header.h";
				SWIFT_OPTIMIZATION_LEVEL = "-Owholemodule";
			};
			name = Release;
		};
		F8233C8D201EBDF100268278 /* Debug */ = {
			isa = XCBuildConfiguration;
			baseConfigurationReference = FC1AE3BA07E7DEC5CED36469 /* Pods-mas-tests.debug.xcconfig */;
			buildSettings = {
				CLANG_ANALYZER_NONNULL = YES;
				CLANG_ANALYZER_NUMBER_OBJECT_CONVERSION = YES_AGGRESSIVE;
				CLANG_CXX_LANGUAGE_STANDARD = "gnu++14";
				CLANG_WARN_DOCUMENTATION_COMMENTS = YES;
				CLANG_WARN_UNGUARDED_AVAILABILITY = YES_AGGRESSIVE;
				CODE_SIGN_IDENTITY = "-";
				CODE_SIGN_STYLE = Automatic;
				COMBINE_HIDPI_IMAGES = YES;
				COPY_PHASE_STRIP = NO;
				GCC_C_LANGUAGE_STANDARD = gnu11;
				INFOPLIST_FILE = AppTests/Info.plist;
				LD_RUNPATH_SEARCH_PATHS = "$(inherited) @executable_path/../Frameworks @loader_path/../Frameworks";
				MACOSX_DEPLOYMENT_TARGET = 10.13;
				PRODUCT_BUNDLE_IDENTIFIER = "com.mphys.mas-cli.tests";
				PRODUCT_NAME = "$(TARGET_NAME)";
				SDKROOT = macosx;
				SWIFT_ACTIVE_COMPILATION_CONDITIONS = DEBUG;
				SWIFT_VERSION = 4.0;
			};
			name = Debug;
		};
		F8233C8E201EBDF100268278 /* Release */ = {
			isa = XCBuildConfiguration;
			baseConfigurationReference = 5A69175AC7646DE30D1F20C9 /* Pods-mas-tests.release.xcconfig */;
			buildSettings = {
				CLANG_ANALYZER_NONNULL = YES;
				CLANG_ANALYZER_NUMBER_OBJECT_CONVERSION = YES_AGGRESSIVE;
				CLANG_CXX_LANGUAGE_STANDARD = "gnu++14";
				CLANG_WARN_DOCUMENTATION_COMMENTS = YES;
				CLANG_WARN_UNGUARDED_AVAILABILITY = YES_AGGRESSIVE;
				CODE_SIGN_IDENTITY = "-";
				CODE_SIGN_STYLE = Automatic;
				COMBINE_HIDPI_IMAGES = YES;
				COPY_PHASE_STRIP = NO;
				GCC_C_LANGUAGE_STANDARD = gnu11;
				INFOPLIST_FILE = AppTests/Info.plist;
				LD_RUNPATH_SEARCH_PATHS = "$(inherited) @executable_path/../Frameworks @loader_path/../Frameworks";
				MACOSX_DEPLOYMENT_TARGET = 10.13;
				PRODUCT_BUNDLE_IDENTIFIER = "com.mphys.mas-cli.tests";
				PRODUCT_NAME = "$(TARGET_NAME)";
				SDKROOT = macosx;
				SWIFT_OPTIMIZATION_LEVEL = "-Owholemodule";
				SWIFT_VERSION = 4.0;
			};
			name = Release;
		};
/* End XCBuildConfiguration section */

/* Begin XCConfigurationList section */
		ED031A731B5127C00097692E /* Build configuration list for PBXProject "mas-cli" */ = {
			isa = XCConfigurationList;
			buildConfigurations = (
				ED031A7D1B5127C00097692E /* Debug */,
				ED031A7E1B5127C00097692E /* Release */,
			);
			defaultConfigurationIsVisible = 0;
			defaultConfigurationName = Release;
		};
		ED031A7F1B5127C00097692E /* Build configuration list for PBXNativeTarget "mas" */ = {
			isa = XCConfigurationList;
			buildConfigurations = (
				ED031A801B5127C00097692E /* Debug */,
				ED031A811B5127C00097692E /* Release */,
			);
			defaultConfigurationIsVisible = 0;
			defaultConfigurationName = Release;
		};
		F8233C8C201EBDF100268278 /* Build configuration list for PBXNativeTarget "mas-tests" */ = {
			isa = XCConfigurationList;
			buildConfigurations = (
				F8233C8D201EBDF100268278 /* Debug */,
				F8233C8E201EBDF100268278 /* Release */,
			);
			defaultConfigurationIsVisible = 0;
			defaultConfigurationName = Release;
		};
/* End XCConfigurationList section */
	};
	rootObject = ED031A701B5127C00097692E /* Project object */;
}
