GEM
  remote: https://rubygems.org/
  specs:
    activesupport (4.2.5)
      i18n (~> 0.7)
      json (~> 1.7, >= 1.7.7)
      minitest (~> 5.1)
      thread_safe (~> 0.3, >= 0.3.4)
      tzinfo (~> 1.1)
    claide (0.9.1)
    cocoaseeds (0.6.1)
      colorize (~> 0.7.0)
      xcodeproj (~> 0.28.2)
    colored (1.2)
    colorize (0.7.7)
    i18n (0.7.0)
    json (1.8.3)
    minitest (5.8.3)
    rouge (1.10.1)
    thread_safe (0.3.5)
    tzinfo (1.2.2)
      thread_safe (~> 0.1)
    xcodeproj (0.28.2)
      activesupport (>= 3)
      claide (~> 0.9.1)
      colored (~> 1.2)
    xcpretty (0.2.2)
      rouge (~> 1.8)

PLATFORMS
  ruby

DEPENDENCIES
  cocoaseeds
  xcpretty

BUNDLED WITH
   1.10.6
