{
  "object": {
    "pins": [
      {
        "package": "Commandant",
        "repositoryURL": "https://github.com/Carthage/Commandant.git",
        "state": {
          "branch": null,
          "revision": "a1671cf728db837cf5ec1980a80d276bbba748f6",
          "version": "0.18.0"
        }
      },
      {
        "package": "CwlCatchException",
        "repositoryURL": "https://github.com/mattgallagher/CwlCatchException.git",
        "state": {
          "branch": null,
          "revision": "f809deb30dc5c9d9b78c872e553261a61177721a",
          "version": "2.0.0"
        }
      },
      {
        "package": "CwlPreconditionTesting",
        "repositoryURL": "https://github.com/mattgallagher/CwlPreconditionTesting.git",
        "state": {
          "branch": null,
          "revision": "02b7a39a99c4da27abe03cab2053a9034379639f",
          "version": "2.0.0"
        }
      },
      {
        "package": "Nimble",
        "repositoryURL": "https://github.com/Quick/Nimble.git",
        "state": {
          "branch": null,
          "revision": "7a54aaf19a8ef16f67787c260fda81ead7ba4d67",
          "version": "9.0.1"
        }
      },
      {
        "package": "Quick",
        "repositoryURL": "https://github.com/Quick/Quick.git",
        "state": {
          "branch": null,
          "revision": "8cce6acd38f965f5baa3167b939f86500314022b",
          "version": "3.1.2"
        }
      },
      {
        "package": "Version",
        "repositoryURL": "https://github.com/mxcl/Version.git",
        "state": {
          "branch": null,
          "revision": "a94b48f36763c05629fc102837398505032dead9",
          "version": "2.0.0"
        }
      }
    ]
  },
  "version": 1
}
