PODS:
  - Commandant (0.14.0):
    - Result (~> 4.0)
  - Nimble (7.1.2)
  - Quick (1.3.0)
  - Result (4.0.0)

DEPENDENCIES:
  - Commandant (from `https://github.com/phatblat/Commandant.git`, branch `cocoapods`)
  - Nimble
  - Quick
  - Result

SPEC REPOS:
  https://github.com/cocoapods/specs.git:
    - Nimble
    - Quick
    - Result

EXTERNAL SOURCES:
  Commandant:
    :branch: cocoapods
    :git: https://github.com/phatblat/Commandant.git

CHECKOUT OPTIONS:
  Commandant:
    :commit: 17619c56d175a11c8df492688291be4e6ca77326
    :git: https://github.com/phatblat/Commandant.git

SPEC CHECKSUMS:
  Commandant: 8f874fdba6a1e75126e4555fa12c4c818db9e922
  Nimble: 3835ba9f459daa6b347f8a8e110aaae8ca1920a8
  Quick: 03278013f71aa05fe9ecabc94fbcc6835f1ee76f
  Result: 7645bb3f50c2ce726dd0ff2fa7b6f42bbe6c3713

PODFILE CHECKSUM: 9d67a26b1f9740413adb744e480787451e560442

COCOAPODS: 1.5.3
