{
  "object": {
    "pins": [
      {
        "package": "Nimble",
        "repositoryURL": "https://github.com/Quick/Nimble.git",
        "state": {
          "branch": null,
          "revision": "a27c5186ce2d65f60d1237660b2509df3eb29023",
          "version": "8.0.0"
        }
      }
    ]
  },
  "version": 1
}
